// !$*UTF8*$!
{
	archiveVersion = 1;
	classes = {
	};
	objectVersion = 46;
	objects = {

/* Begin PBXBuildFile section */
		96F3B2E41A027D5A00FE8EF2 /* AppDelegate.swift in Sources */ = {isa = PBXBuildFile; fileRef = 96F3B2E31A027D5A00FE8EF2 /* AppDelegate.swift */; };
		96F3B2E61A027D5A00FE8EF2 /* ViewController.swift in Sources */ = {isa = PBXBuildFile; fileRef = 96F3B2E51A027D5A00FE8EF2 /* ViewController.swift */; };
		96F3B2E91A027D5A00FE8EF2 /* Main.storyboard in Resources */ = {isa = PBXBuildFile; fileRef = 96F3B2E71A027D5A00FE8EF2 /* Main.storyboard */; };
		96F3B2EB1A027D5A00FE8EF2 /* Images.xcassets in Resources */ = {isa = PBXBuildFile; fileRef = 96F3B2EA1A027D5A00FE8EF2 /* Images.xcassets */; };
		96F3B2EE1A027D5A00FE8EF2 /* LaunchScreen.xib in Resources */ = {isa = PBXBuildFile; fileRef = 96F3B2EC1A027D5A00FE8EF2 /* LaunchScreen.xib */; };
		96F3B2FA1A027D5A00FE8EF2 /* Login_with_Swift_iOS_AppTests.swift in Sources */ = {isa = PBXBuildFile; fileRef = 96F3B2F91A027D5A00FE8EF2 /* Login_with_Swift_iOS_AppTests.swift */; };
		96F3B3041A027E0C00FE8EF2 /* FacebookSDK.framework in Frameworks */ = {isa = PBXBuildFile; fileRef = 96F3B3031A027E0C00FE8EF2 /* FacebookSDK.framework */; };
/* End PBXBuildFile section */

/* Begin PBXContainerItemProxy section */
		96F3B2F41A027D5A00FE8EF2 /* PBXContainerItemProxy */ = {
			isa = PBXContainerItemProxy;
			containerPortal = 96F3B2D61A027D5900FE8EF2 /* Project object */;
			proxyType = 1;
			remoteGlobalIDString = 96F3B2DD1A027D5900FE8EF2;
			remoteInfo = "Login with Swift iOS App";
		};
/* End PBXContainerItemProxy section */

/* Begin PBXFileReference section */
		96F3B2DE1A027D5A00FE8EF2 /* Login with Swift iOS App.app */ = {isa = PBXFileReference; explicitFileType = wrapper.application; includeInIndex = 0; path = "Login with Swift iOS App.app"; sourceTree = BUILT_PRODUCTS_DIR; };
		96F3B2E21A027D5A00FE8EF2 /* Info.plist */ = {isa = PBXFileReference; lastKnownFileType = text.plist.xml; path = Info.plist; sourceTree = "<group>"; };
		96F3B2E31A027D5A00FE8EF2 /* AppDelegate.swift */ = {isa = PBXFileReference; lastKnownFileType = sourcecode.swift; path = AppDelegate.swift; sourceTree = "<group>"; };
		96F3B2E51A027D5A00FE8EF2 /* ViewController.swift */ = {isa = PBXFileReference; lastKnownFileType = sourcecode.swift; path = ViewController.swift; sourceTree = "<group>"; };
		96F3B2E81A027D5A00FE8EF2 /* Base */ = {isa = PBXFileReference; lastKnownFileType = file.storyboard; name = Base; path = Base.lproj/Main.storyboard; sourceTree = "<group>"; };
		96F3B2EA1A027D5A00FE8EF2 /* Images.xcassets */ = {isa = PBXFileReference; lastKnownFileType = folder.assetcatalog; path = Images.xcassets; sourceTree = "<group>"; };
		96F3B2ED1A027D5A00FE8EF2 /* Base */ = {isa = PBXFileReference; lastKnownFileType = file.xib; name = Base; path = Base.lproj/LaunchScreen.xib; sourceTree = "<group>"; };
		96F3B2F31A027D5A00FE8EF2 /* Login with Swift iOS AppTests.xctest */ = {isa = PBXFileReference; explicitFileType = wrapper.cfbundle; includeInIndex = 0; path = "Login with Swift iOS AppTests.xctest"; sourceTree = BUILT_PRODUCTS_DIR; };
		96F3B2F81A027D5A00FE8EF2 /* Info.plist */ = {isa = PBXFileReference; lastKnownFileType = text.plist.xml; path = Info.plist; sourceTree = "<group>"; };
		96F3B2F91A027D5A00FE8EF2 /* Login_with_Swift_iOS_AppTests.swift */ = {isa = PBXFileReference; lastKnownFileType = sourcecode.swift; path = Login_with_Swift_iOS_AppTests.swift; sourceTree = "<group>"; };
		96F3B3031A027E0C00FE8EF2 /* FacebookSDK.framework */ = {isa = PBXFileReference; lastKnownFileType = wrapper.framework; name = FacebookSDK.framework; path = ../../../Documents/FacebookSDK/FacebookSDK.framework; sourceTree = "<group>"; };
		96F3B3051A027E7B00FE8EF2 /* Bridge-Header.h */ = {isa = PBXFileReference; lastKnownFileType = sourcecode.c.h; path = "Bridge-Header.h"; sourceTree = "<group>"; };
/* End PBXFileReference section */

/* Begin PBXFrameworksBuildPhase section */
		96F3B2DB1A027D5900FE8EF2 /* Frameworks */ = {
			isa = PBXFrameworksBuildPhase;
			buildActionMask = 2147483647;
			files = (
				96F3B3041A027E0C00FE8EF2 /* FacebookSDK.framework in Frameworks */,
			);
			runOnlyForDeploymentPostprocessing = 0;
		};
		96F3B2F01A027D5A00FE8EF2 /* Frameworks */ = {
			isa = PBXFrameworksBuildPhase;
			buildActionMask = 2147483647;
			files = (
			);
			runOnlyForDeploymentPostprocessing = 0;
		};
/* End PBXFrameworksBuildPhase section */

/* Begin PBXGroup section */
		96F3B2D51A027D5900FE8EF2 = {
			isa = PBXGroup;
			children = (
				96F3B2E01A027D5A00FE8EF2 /* Login with Swift iOS App */,
				96F3B2F61A027D5A00FE8EF2 /* Login with Swift iOS AppTests */,
				96F3B2DF1A027D5A00FE8EF2 /* Products */,
			);
			sourceTree = "<group>";
		};
		96F3B2DF1A027D5A00FE8EF2 /* Products */ = {
			isa = PBXGroup;
			children = (
				96F3B2DE1A027D5A00FE8EF2 /* Login with Swift iOS App.app */,
				96F3B2F31A027D5A00FE8EF2 /* Login with Swift iOS AppTests.xctest */,
			);
			name = Products;
			sourceTree = "<group>";
		};
		96F3B2E01A027D5A00FE8EF2 /* Login with Swift iOS App */ = {
			isa = PBXGroup;
			children = (
				96F3B2E31A027D5A00FE8EF2 /* AppDelegate.swift */,
				96F3B2E51A027D5A00FE8EF2 /* ViewController.swift */,
				96F3B2E71A027D5A00FE8EF2 /* Main.storyboard */,
				96F3B2EA1A027D5A00FE8EF2 /* Images.xcassets */,
				96F3B2EC1A027D5A00FE8EF2 /* LaunchScreen.xib */,
				96F3B2E11A027D5A00FE8EF2 /* Supporting Files */,
			);
			path = "Login with Swift iOS App";
			sourceTree = "<group>";
		};
		96F3B2E11A027D5A00FE8EF2 /* Supporting Files */ = {
			isa = PBXGroup;
			children = (
				96F3B3031A027E0C00FE8EF2 /* FacebookSDK.framework */,
				96F3B2E21A027D5A00FE8EF2 /* Info.plist */,
				96F3B3051A027E7B00FE8EF2 /* Bridge-Header.h */,
			);
			name = "Supporting Files";
			sourceTree = "<group>";
		};
		96F3B2F61A027D5A00FE8EF2 /* Login with Swift iOS AppTests */ = {
			isa = PBXGroup;
			children = (
				96F3B2F91A027D5A00FE8EF2 /* Login_with_Swift_iOS_AppTests.swift */,
				96F3B2F71A027D5A00FE8EF2 /* Supporting Files */,
			);
			path = "Login with Swift iOS AppTests";
			sourceTree = "<group>";
		};
		96F3B2F71A027D5A00FE8EF2 /* Supporting Files */ = {
			isa = PBXGroup;
			children = (
				96F3B2F81A027D5A00FE8EF2 /* Info.plist */,
			);
			name = "Supporting Files";
			sourceTree = "<group>";
		};
/* End PBXGroup section */

/* Begin PBXNativeTarget section */
		96F3B2DD1A027D5900FE8EF2 /* Login with Swift iOS App */ = {
			isa = PBXNativeTarget;
			buildConfigurationList = 96F3B2FD1A027D5B00FE8EF2 /* Build configuration list for PBXNativeTarget "Login with Swift iOS App" */;
			buildPhases = (
				96F3B2DA1A027D5900FE8EF2 /* Sources */,
				96F3B2DB1A027D5900FE8EF2 /* Frameworks */,
				96F3B2DC1A027D5900FE8EF2 /* Resources */,
			);
			buildRules = (
			);
			dependencies = (
			);
			name = "Login with Swift iOS App";
			productName = "Login with Swift iOS App";
			productReference = 96F3B2DE1A027D5A00FE8EF2 /* Login with Swift iOS App.app */;
			productType = "com.apple.product-type.application";
		};
		96F3B2F21A027D5A00FE8EF2 /* Login with Swift iOS AppTests */ = {
			isa = PBXNativeTarget;
			buildConfigurationList = 96F3B3001A027D5B00FE8EF2 /* Build configuration list for PBXNativeTarget "Login with Swift iOS AppTests" */;
			buildPhases = (
				96F3B2EF1A027D5A00FE8EF2 /* Sources */,
				96F3B2F01A027D5A00FE8EF2 /* Frameworks */,
				96F3B2F11A027D5A00FE8EF2 /* Resources */,
			);
			buildRules = (
			);
			dependencies = (
				96F3B2F51A027D5A00FE8EF2 /* PBXTargetDependency */,
			);
			name = "Login with Swift iOS AppTests";
			productName = "Login with Swift iOS AppTests";
			productReference = 96F3B2F31A027D5A00FE8EF2 /* Login with Swift iOS AppTests.xctest */;
			productType = "com.apple.product-type.bundle.unit-test";
		};
/* End PBXNativeTarget section */

/* Begin PBXProject section */
		96F3B2D61A027D5900FE8EF2 /* Project object */ = {
			isa = PBXProject;
			attributes = {
				LastUpgradeCheck = 0610;
				ORGANIZATIONNAME = "Mihail Velikov";
				TargetAttributes = {
					96F3B2DD1A027D5900FE8EF2 = {
						CreatedOnToolsVersion = 6.1;
					};
					96F3B2F21A027D5A00FE8EF2 = {
						CreatedOnToolsVersion = 6.1;
						TestTargetID = 96F3B2DD1A027D5900FE8EF2;
					};
				};
			};
			buildConfigurationList = 96F3B2D91A027D5900FE8EF2 /* Build configuration list for PBXProject "Login with Swift iOS App" */;
			compatibilityVersion = "Xcode 3.2";
			developmentRegion = English;
			hasScannedForEncodings = 0;
			knownRegions = (
				en,
				Base,
			);
			mainGroup = 96F3B2D51A027D5900FE8EF2;
			productRefGroup = 96F3B2DF1A027D5A00FE8EF2 /* Products */;
			projectDirPath = "";
			projectRoot = "";
			targets = (
				96F3B2DD1A027D5900FE8EF2 /* Login with Swift iOS App */,
				96F3B2F21A027D5A00FE8EF2 /* Login with Swift iOS AppTests */,
			);
		};
/* End PBXProject section */

/* Begin PBXResourcesBuildPhase section */
		96F3B2DC1A027D5900FE8EF2 /* Resources */ = {
			isa = PBXResourcesBuildPhase;
			buildActionMask = 2147483647;
			files = (
				96F3B2E91A027D5A00FE8EF2 /* Main.storyboard in Resources */,
				96F3B2EE1A027D5A00FE8EF2 /* LaunchScreen.xib in Resources */,
				96F3B2EB1A027D5A00FE8EF2 /* Images.xcassets in Resources */,
			);
			runOnlyForDeploymentPostprocessing = 0;
		};
		96F3B2F11A027D5A00FE8EF2 /* Resources */ = {
			isa = PBXResourcesBuildPhase;
			buildActionMask = 2147483647;
			files = (
			);
			runOnlyForDeploymentPostprocessing = 0;
		};
/* End PBXResourcesBuildPhase section */

/* Begin PBXSourcesBuildPhase section */
		96F3B2DA1A027D5900FE8EF2 /* Sources */ = {
			isa = PBXSourcesBuildPhase;
			buildActionMask = 2147483647;
			files = (
				96F3B2E61A027D5A00FE8EF2 /* ViewController.swift in Sources */,
				96F3B2E41A027D5A00FE8EF2 /* AppDelegate.swift in Sources */,
			);
			runOnlyForDeploymentPostprocessing = 0;
		};
		96F3B2EF1A027D5A00FE8EF2 /* Sources */ = {
			isa = PBXSourcesBuildPhase;
			buildActionMask = 2147483647;
			files = (
				96F3B2FA1A027D5A00FE8EF2 /* Login_with_Swift_iOS_AppTests.swift in Sources */,
			);
			runOnlyForDeploymentPostprocessing = 0;
		};
/* End PBXSourcesBuildPhase section */

/* Begin PBXTargetDependency section */
		96F3B2F51A027D5A00FE8EF2 /* PBXTargetDependency */ = {
			isa = PBXTargetDependency;
			target = 96F3B2DD1A027D5900FE8EF2 /* Login with Swift iOS App */;
			targetProxy = 96F3B2F41A027D5A00FE8EF2 /* PBXContainerItemProxy */;
		};
/* End PBXTargetDependency section */

/* Begin PBXVariantGroup section */
		96F3B2E71A027D5A00FE8EF2 /* Main.storyboard */ = {
			isa = PBXVariantGroup;
			children = (
				96F3B2E81A027D5A00FE8EF2 /* Base */,
			);
			name = Main.storyboard;
			sourceTree = "<group>";
		};
		96F3B2EC1A027D5A00FE8EF2 /* LaunchScreen.xib */ = {
			isa = PBXVariantGroup;
			children = (
				96F3B2ED1A027D5A00FE8EF2 /* Base */,
			);
			name = LaunchScreen.xib;
			sourceTree = "<group>";
		};
/* End PBXVariantGroup section */

/* Begin XCBuildConfiguration section */
		96F3B2FB1A027D5B00FE8EF2 /* Debug */ = {
			isa = XCBuildConfiguration;
			buildSettings = {
				ALWAYS_SEARCH_USER_PATHS = NO;
				CLANG_CXX_LANGUAGE_STANDARD = "gnu++0x";
				CLANG_CXX_LIBRARY = "libc++";
				CLANG_ENABLE_MODULES = YES;
				CLANG_ENABLE_OBJC_ARC = YES;
				CLANG_WARN_BOOL_CONVERSION = YES;
				CLANG_WARN_CONSTANT_CONVERSION = YES;
				CLANG_WARN_DIRECT_OBJC_ISA_USAGE = YES_ERROR;
				CLANG_WARN_EMPTY_BODY = YES;
				CLANG_WARN_ENUM_CONVERSION = YES;
				CLANG_WARN_INT_CONVERSION = YES;
				CLANG_WARN_OBJC_ROOT_CLASS = YES_ERROR;
				CLANG_WARN_UNREACHABLE_CODE = YES;
				CLANG_WARN__DUPLICATE_METHOD_MATCH = YES;
				"CODE_SIGN_IDENTITY[sdk=iphoneos*]" = "iPhone Developer";
				COPY_PHASE_STRIP = NO;
				ENABLE_STRICT_OBJC_MSGSEND = YES;
				GCC_C_LANGUAGE_STANDARD = gnu99;
				GCC_DYNAMIC_NO_PIC = NO;
				GCC_OPTIMIZATION_LEVEL = 0;
				GCC_PREPROCESSOR_DEFINITIONS = (
					"DEBUG=1",
					"$(inherited)",
				);
				GCC_SYMBOLS_PRIVATE_EXTERN = NO;
				GCC_WARN_64_TO_32_BIT_CONVERSION = YES;
				GCC_WARN_ABOUT_RETURN_TYPE = YES_ERROR;
				GCC_WARN_UNDECLARED_SELECTOR = YES;
				GCC_WARN_UNINITIALIZED_AUTOS = YES_AGGRESSIVE;
				GCC_WARN_UNUSED_FUNCTION = YES;
				GCC_WARN_UNUSED_VARIABLE = YES;
				IPHONEOS_DEPLOYMENT_TARGET = 8.1;
				MTL_ENABLE_DEBUG_INFO = YES;
				ONLY_ACTIVE_ARCH = YES;
				SDKROOT = iphoneos;
				SWIFT_OPTIMIZATION_LEVEL = "-Onone";
				TARGETED_DEVICE_FAMILY = "1,2";
			};
			name = Debug;
		};
		96F3B2FC1A027D5B00FE8EF2 /* Release */ = {
			isa = XCBuildConfiguration;
			buildSettings = {
				ALWAYS_SEARCH_USER_PATHS = NO;
				CLANG_CXX_LANGUAGE_STANDARD = "gnu++0x";
				CLANG_CXX_LIBRARY = "libc++";
				CLANG_ENABLE_MODULES = YES;
				CLANG_ENABLE_OBJC_ARC = YES;
				CLANG_WARN_BOOL_CONVERSION = YES;
				CLANG_WARN_CONSTANT_CONVERSION = YES;
				CLANG_WARN_DIRECT_OBJC_ISA_USAGE = YES_ERROR;
				CLANG_WARN_EMPTY_BODY = YES;
				CLANG_WARN_ENUM_CONVERSION = YES;
				CLANG_WARN_INT_CONVERSION = YES;
				CLANG_WARN_OBJC_ROOT_CLASS = YES_ERROR;
				CLANG_WARN_UNREACHABLE_CODE = YES;
				CLANG_WARN__DUPLICATE_METHOD_MATCH = YES;
				"CODE_SIGN_IDENTITY[sdk=iphoneos*]" = "iPhone Developer";
				COPY_PHASE_STRIP = YES;
				ENABLE_NS_ASSERTIONS = NO;
				ENABLE_STRICT_OBJC_MSGSEND = YES;
				GCC_C_LANGUAGE_STANDARD = gnu99;
				GCC_WARN_64_TO_32_BIT_CONVERSION = YES;
				GCC_WARN_ABOUT_RETURN_TYPE = YES_ERROR;
				GCC_WARN_UNDECLARED_SELECTOR = YES;
				GCC_WARN_UNINITIALIZED_AUTOS = YES_AGGRESSIVE;
				GCC_WARN_UNUSED_FUNCTION = YES;
				GCC_WARN_UNUSED_VARIABLE = YES;
				IPHONEOS_DEPLOYMENT_TARGET = 8.1;
				MTL_ENABLE_DEBUG_INFO = NO;
				SDKROOT = iphoneos;
				TARGETED_DEVICE_FAMILY = "1,2";
				VALIDATE_PRODUCT = YES;
			};
			name = Release;
		};
		96F3B2FE1A027D5B00FE8EF2 /* Debug */ = {
			isa = XCBuildConfiguration;
			buildSettings = {
				ASSETCATALOG_COMPILER_APPICON_NAME = AppIcon;
				FRAMEWORK_SEARCH_PATHS = (
					"$(inherited)",
					/Users/mihailvelikov/Documents/FacebookSDK,
				);
				INFOPLIST_FILE = "Login with Swift iOS App/Info.plist";
				LD_RUNPATH_SEARCH_PATHS = "$(inherited) @executable_path/Frameworks";
				PRODUCT_NAME = "$(TARGET_NAME)";
				SWIFT_OBJC_BRIDGING_HEADER = "Login with Swift iOS App/Bridge-Header.h";
			};
			name = Debug;
		};
		96F3B2FF1A027D5B00FE8EF2 /* Release */ = {
			isa = XCBuildConfiguration;
			buildSettings = {
				ASSETCATALOG_COMPILER_APPICON_NAME = AppIcon;
				FRAMEWORK_SEARCH_PATHS = (
					"$(inherited)",
					/Users/mihailvelikov/Documents/FacebookSDK,
				);
				INFOPLIST_FILE = "Login with Swift iOS App/Info.plist";
				LD_RUNPATH_SEARCH_PATHS = "$(inherited) @executable_path/Frameworks";
				PRODUCT_NAME = "$(TARGET_NAME)";
				SWIFT_OBJC_BRIDGING_HEADER = "Login with Swift iOS App/Bridge-Header.h";
			};
			name = Release;
		};
		96F3B3011A027D5B00FE8EF2 /* Debug */ = {
			isa = XCBuildConfiguration;
			buildSettings = {
				BUNDLE_LOADER = "$(TEST_HOST)";
				FRAMEWORK_SEARCH_PATHS = (
					"$(SDKROOT)/Developer/Library/Frameworks",
					"$(inherited)",
				);
				GCC_PREPROCESSOR_DEFINITIONS = (
					"DEBUG=1",
					"$(inherited)",
				);
				INFOPLIST_FILE = "Login with Swift iOS AppTests/Info.plist";
				LD_RUNPATH_SEARCH_PATHS = "$(inherited) @executable_path/Frameworks @loader_path/Frameworks";
				PRODUCT_NAME = "$(TARGET_NAME)";
				TEST_HOST = "$(BUILT_PRODUCTS_DIR)/Login with Swift iOS App.app/Login with Swift iOS App";
			};
			name = Debug;
		};
		96F3B3021A027D5B00FE8EF2 /* Release */ = {
			isa = XCBuildConfiguration;
			buildSettings = {
				BUNDLE_LOADER = "$(TEST_HOST)";
				FRAMEWORK_SEARCH_PATHS = (
					"$(SDKROOT)/Developer/Library/Frameworks",
					"$(inherited)",
				);
				INFOPLIST_FILE = "Login with Swift iOS AppTests/Info.plist";
				LD_RUNPATH_SEARCH_PATHS = "$(inherited) @executable_path/Frameworks @loader_path/Frameworks";
				PRODUCT_NAME = "$(TARGET_NAME)";
				TEST_HOST = "$(BUILT_PRODUCTS_DIR)/Login with Swift iOS App.app/Login with Swift iOS App";
			};
			name = Release;
		};
/* End XCBuildConfiguration section */

/* Begin XCConfigurationList section */
		96F3B2D91A027D5900FE8EF2 /* Build configuration list for PBXProject "Login with Swift iOS App" */ = {
			isa = XCConfigurationList;
			buildConfigurations = (
				96F3B2FB1A027D5B00FE8EF2 /* Debug */,
				96F3B2FC1A027D5B00FE8EF2 /* Release */,
			);
			defaultConfigurationIsVisible = 0;
			defaultConfigurationName = Release;
		};
		96F3B2FD1A027D5B00FE8EF2 /* Build configuration list for PBXNativeTarget "Login with Swift iOS App" */ = {
			isa = XCConfigurationList;
			buildConfigurations = (
				96F3B2FE1A027D5B00FE8EF2 /* Debug */,
				96F3B2FF1A027D5B00FE8EF2 /* Release */,
			);
			defaultConfigurationIsVisible = 0;
		};
		96F3B3001A027D5B00FE8EF2 /* Build configuration list for PBXNativeTarget "Login with Swift iOS AppTests" */ = {
			isa = XCConfigurationList;
			buildConfigurations = (
				96F3B3011A027D5B00FE8EF2 /* Debug */,
				96F3B3021A027D5B00FE8EF2 /* Release */,
			);
			defaultConfigurationIsVisible = 0;
		};
/* End XCConfigurationList section */
	};
	rootObject = 96F3B2D61A027D5900FE8EF2 /* Project object */;
}
